
Microsoft Visual Studio Solution File, Format Version 12.00
# Visual Studio Version 17
VisualStudioVersion = 17.2.32602.215
MinimumVisualStudioVersion = 10.0.40219.1
Project("{9A19103F-16F7-4668-BE54-9A1E7A4F7556}") = "Kinde.Api", "Kinde.Api\Kinde.Api.csproj", "{0602FB0E-DA2A-48E0-BCC2-67BE2CC8917E}"
EndProject
Project("{9A19103F-16F7-4668-BE54-9A1E7A4F7556}") = "TestConsole", "TestConsole\TestConsole.csproj", "{6F125123-E34F-4F11-92D7-FA34CE2E1D2E}"
EndProject
Project("{9A19103F-16F7-4668-BE54-9A1E7A4F7556}") = "Kinde.DemoMVC", "Kinde.DemoMVC\Kinde.DemoMVC.csproj", "{4AFA86DF-D249-48D9-A924-90629DA92753}"
EndProject
Project("{FAE04EC0-301F-11D3-BF4B-00C04F79EFBC}") = "UnitTests", "UnitTests\UnitTests.csproj", "{EBC0E7CA-B727-4163-A575-5EF1369A59BC}"
EndProject
Global
	GlobalSection(SolutionConfigurationPlatforms) = preSolution
		Debug|Any CPU = Debug|Any CPU
		Release|Any CPU = Release|Any CPU
	EndGlobalSection
	GlobalSection(ProjectConfigurationPlatforms) = postSolution
		{0602FB0E-DA2A-48E0-BCC2-67BE2CC8917E}.Debug|Any CPU.ActiveCfg = Debug|Any CPU
		{0602FB0E-DA2A-48E0-BCC2-67BE2CC8917E}.Debug|Any CPU.Build.0 = Debug|Any CPU
		{0602FB0E-DA2A-48E0-BCC2-67BE2CC8917E}.Release|Any CPU.ActiveCfg = Release|Any CPU
		{0602FB0E-DA2A-48E0-BCC2-67BE2CC8917E}.Release|Any CPU.Build.0 = Release|Any CPU
		{6F125123-E34F-4F11-92D7-FA34CE2E1D2E}.Debug|Any CPU.ActiveCfg = Debug|Any CPU
		{6F125123-E34F-4F11-92D7-FA34CE2E1D2E}.Debug|Any CPU.Build.0 = Debug|Any CPU
		{6F125123-E34F-4F11-92D7-FA34CE2E1D2E}.Release|Any CPU.ActiveCfg = Release|Any CPU
		{6F125123-E34F-4F11-92D7-FA34CE2E1D2E}.Release|Any CPU.Build.0 = Release|Any CPU
		{4AFA86DF-D249-48D9-A924-90629DA92753}.Debug|Any CPU.ActiveCfg = Debug|Any CPU
		{4AFA86DF-D249-48D9-A924-90629DA92753}.Debug|Any CPU.Build.0 = Debug|Any CPU
		{4AFA86DF-D249-48D9-A924-90629DA92753}.Release|Any CPU.ActiveCfg = Release|Any CPU
		{4AFA86DF-D249-48D9-A924-90629DA92753}.Release|Any CPU.Build.0 = Release|Any CPU
		{EBC0E7CA-B727-4163-A575-5EF1369A59BC}.Debug|Any CPU.ActiveCfg = Debug|Any CPU
		{EBC0E7CA-B727-4163-A575-5EF1369A59BC}.Debug|Any CPU.Build.0 = Debug|Any CPU
		{EBC0E7CA-B727-4163-A575-5EF1369A59BC}.Release|Any CPU.ActiveCfg = Release|Any CPU
		{EBC0E7CA-B727-4163-A575-5EF1369A59BC}.Release|Any CPU.Build.0 = Release|Any CPU
	EndGlobalSection
	GlobalSection(SolutionProperties) = preSolution
		HideSolutionNode = FALSE
	EndGlobalSection
	GlobalSection(ExtensibilityGlobals) = postSolution
		SolutionGuid = {32555F76-F541-4F30-B8C6-34689614BEBE}
	EndGlobalSection
EndGlobal
