{
  "version": 1,
  "dependencies": {
    "net10.0": {
      "Microsoft.Kiota.Abstractions": {
        "type": "Direct",
        "requested": "[2.0.*, )",
        "resolved": "2.0.0",
        "contentHash": "cb0KA6QGvqMR1xNIjmErb5CiEbQJ/6odKcuPn2GTWD+aRMuldKDqRqRWMDT7MOBcUk9waJyJsgDG+ItQA01JmA==",
        "dependencies": {
          "Std.UriTemplate": "2.0.8"
        }
      },
      "Microsoft.Kiota.Http.HttpClientLibrary": {
        "type": "Direct",
        "requested": "[2.0.*, )",
        "resolved": "2.0.0",
        "contentHash": "oZ3ZR84InWEST6GyO9EBZMHweeprzlMiVsGy5dt9ec8Py1d6fgs4Yyyv0LJ56WoPc3Og5mM84pz3qD4hpiCT9w==",
        "dependencies": {
          "Microsoft.Extensions.DependencyInjection.Abstractions": "8.0.0",
          "Microsoft.Kiota.Abstractions": "2.0.0"
        }
      },
      "Microsoft.Kiota.Serialization.Form": {
        "type": "Direct",
        "requested": "[2.0.*, )",
        "resolved": "2.0.0",
        "contentHash": "Sm7dLRzwJRx80o/U5LUI0ICX4k0hT3tZgLAfXbO/UehsX4YVu6yiuOwCNdXlvE9tnC5LWcQdi9RRCSo3fQgI+A==",
        "dependencies": {
          "Microsoft.IO.RecyclableMemoryStream": "3.0.1",
          "Microsoft.Kiota.Abstractions": "2.0.0"
        }
      },
      "Microsoft.Kiota.Serialization.Json": {
        "type": "Direct",
        "requested": "[2.0.*, )",
        "resolved": "2.0.0",
        "contentHash": "0QB6RWSA3u7kQEDyaY3a3dVA98Fk2UwuYpusvX2aXmkQLPFijW4XKujQazHMoalx26fmSg6RF85ZJBqGzmgucA==",
        "dependencies": {
          "Microsoft.IO.RecyclableMemoryStream": "3.0.1",
          "Microsoft.Kiota.Abstractions": "2.0.0"
        }
      },
      "Microsoft.Kiota.Serialization.Multipart": {
        "type": "Direct",
        "requested": "[2.0.*, )",
        "resolved": "2.0.0",
        "contentHash": "IR27DQpYul43E+2Nw2mzEMFIzwiRjQCnCOfylIE/dlFra3QjoT/s5bhYv9ZN182U0ajkiQYYT/UORvpgGau4mw==",
        "dependencies": {
          "Microsoft.IO.RecyclableMemoryStream": "3.0.1",
          "Microsoft.Kiota.Abstractions": "2.0.0"
        }
      },
      "Microsoft.Kiota.Serialization.Text": {
        "type": "Direct",
        "requested": "[2.0.*, )",
        "resolved": "2.0.0",
        "contentHash": "yuQZ8VIWc3NCpK439zG105sAfyFkq8kA+fvxfXI1DA76gTGKNLBJtX8ljyuhMhcYCl/Uu9AOm/vfbbI/P5TapQ==",
        "dependencies": {
          "Microsoft.IO.RecyclableMemoryStream": "3.0.1",
          "Microsoft.Kiota.Abstractions": "2.0.0"
        }
      },
      "Microsoft.Extensions.DependencyInjection.Abstractions": {
        "type": "Transitive",
        "resolved": "8.0.0",
        "contentHash": "cjWrLkJXK0rs4zofsK4bSdg+jhDLTaxrkXu4gS6Y7MAlCvRyNNgwY/lJi5RDlQOnSZweHqoyvgvbdvQsRIW+hg=="
      },
      "Microsoft.IO.RecyclableMemoryStream": {
        "type": "Transitive",
        "resolved": "3.0.1",
        "contentHash": "s/s20YTVY9r9TPfTrN5g8zPF1YhwxyqO6PxUkrYTGI2B+OGPe9AdajWZrLhFqXIvqIW23fnUE4+ztrUWNU1+9g=="
      },
      "Std.UriTemplate": {
        "type": "Transitive",
        "resolved": "2.0.8",
        "contentHash": "IAR4gJlLVD4r/FsU/rDb1+9sbB3/tCFVZz5IzlbM2yHoiUisBi5Ek/KXRUF7RcqNARka79EoaOz9INnXvQ/O6w=="
      }
    }
  }
}