{
  "version": 1,
  "dependencies": {
    "net8.0": {
      "AutoMapper": {
        "type": "Direct",
        "requested": "[13.0.*, )",
        "resolved": "13.0.1",
        "contentHash": "/Fx1SbJ16qS7dU4i604Sle+U9VLX+WSNVJggk6MupKVkYvvBm4XqYaeFuf67diHefHKHs50uQIS2YEDFhPCakQ==",
        "dependencies": {
          "Microsoft.Extensions.Options": "6.0.0"
        }
      },
      "JsonSubTypes": {
        "type": "Direct",
        "requested": "[2.0.1, )",
        "resolved": "2.0.1",
        "contentHash": "1Po+Ypf0SjCeEKx5+C89Nb5OgTcqNvfS3uTI46MUM+KEp6Rq/M0h+vVsTUt/6DFRwZMTpsAJM4yJrZmEObVANA==",
        "dependencies": {
          "Newtonsoft.Json": "13.0.1"
        }
      },
      "Microsoft.Extensions.Configuration": {
        "type": "Direct",
        "requested": "[9.0.18, )",
        "resolved": "9.0.18",
        "contentHash": "IDxqTTYgFM0adTv9b+cRyQJD25+xBUbCDXxmqxfBAv/DFQch3MBVQ9bnHijRNKpEnSMAciA9uc+X1ArQ5zZDVw==",
        "dependencies": {
          "Microsoft.Extensions.Configuration.Abstractions": "9.0.18",
          "Microsoft.Extensions.Primitives": "9.0.18"
        }
      },
      "Microsoft.Extensions.Configuration.Binder": {
        "type": "Direct",
        "requested": "[9.0.18, )",
        "resolved": "9.0.18",
        "contentHash": "80DWbnb2hlBub4yaMOdq28gaVvexvREBp+73hg/cZ6Mz6xjT7FoHwLeegv9yrRBQChAlhqkuKjt2xnkdGtJgoA==",
        "dependencies": {
          "Microsoft.Extensions.Configuration.Abstractions": "9.0.18"
        }
      },
      "Microsoft.Extensions.Hosting.Abstractions": {
        "type": "Direct",
        "requested": "[9.0.18, )",
        "resolved": "9.0.18",
        "contentHash": "K6qZu9yolnH8cgpVl7bCEm/ITLb+Ak3b4QqEIKcPR3Fx75GUd6I09cTOjCHYLLL4frWM1VDigZLbvC/LPrpscA==",
        "dependencies": {
          "Microsoft.Extensions.Configuration.Abstractions": "9.0.18",
          "Microsoft.Extensions.DependencyInjection.Abstractions": "9.0.18",
          "Microsoft.Extensions.Diagnostics.Abstractions": "9.0.18",
          "Microsoft.Extensions.FileProviders.Abstractions": "9.0.18",
          "Microsoft.Extensions.Logging.Abstractions": "9.0.18"
        }
      },
      "Microsoft.Extensions.Http": {
        "type": "Direct",
        "requested": "[9.0.18, )",
        "resolved": "9.0.18",
        "contentHash": "oBzf8sLwekd1+/vQPv7N6X6PxnQoIrqHM4hCjQKBuqEzRY/7vHQ6BDxOIaJYxQlNWIlxgeLPeybzv0Hxv7kkRQ==",
        "dependencies": {
          "Microsoft.Extensions.Configuration.Abstractions": "9.0.18",
          "Microsoft.Extensions.DependencyInjection.Abstractions": "9.0.18",
          "Microsoft.Extensions.Diagnostics": "9.0.18",
          "Microsoft.Extensions.Logging": "9.0.18",
          "Microsoft.Extensions.Logging.Abstractions": "9.0.18",
          "Microsoft.Extensions.Options": "9.0.18"
        }
      },
      "Microsoft.Extensions.Http.Resilience": {
        "type": "Direct",
        "requested": "[9.10.0, )",
        "resolved": "9.10.0",
        "contentHash": "4Bt58q+Oqpj4VYm3T7hcmsb1zVhmUTNNggDkjlWBIv3bv6MVRPGqIokK2tRHsD8bM4i3GkJLRWe8lQwbsWS6PQ==",
        "dependencies": {
          "Microsoft.Extensions.Http.Diagnostics": "9.10.0",
          "Microsoft.Extensions.ObjectPool": "8.0.21",
          "Microsoft.Extensions.Resilience": "9.10.0"
        }
      },
      "Microsoft.Extensions.Logging.Abstractions": {
        "type": "Direct",
        "requested": "[9.0.18, )",
        "resolved": "9.0.18",
        "contentHash": "uzNHNdNZJTHACwFkWclx8s5GXLjGacJj4QwBQZ/6BeixTJjlHmNESIK738iPFLPkO8jWsENLUcUW/kAPe0b8ew==",
        "dependencies": {
          "Microsoft.Extensions.DependencyInjection.Abstractions": "9.0.18",
          "System.Diagnostics.DiagnosticSource": "9.0.18"
        }
      },
      "Microsoft.Extensions.Logging.Console": {
        "type": "Direct",
        "requested": "[9.0.18, )",
        "resolved": "9.0.18",
        "contentHash": "tP7m4B2ffGL3nbvxsiqUSs6HZsyqFUXJPqcViZl7CtBRPyPZ59SSSW4kK7bf2E7kAM9BLJcnINjnuF411NRKpQ==",
        "dependencies": {
          "Microsoft.Extensions.DependencyInjection.Abstractions": "9.0.18",
          "Microsoft.Extensions.Logging": "9.0.18",
          "Microsoft.Extensions.Logging.Abstractions": "9.0.18",
          "Microsoft.Extensions.Logging.Configuration": "9.0.18",
          "Microsoft.Extensions.Options": "9.0.18",
          "System.Text.Json": "9.0.18"
        }
      },
      "Microsoft.Kiota.Abstractions": {
        "type": "Direct",
        "requested": "[1.22.*, )",
        "resolved": "1.22.2",
        "contentHash": "xktJuKVMXfcX9LJR0QH8gwbZ2WO+WrqTujCPtN13Y6GfLaB7wV0v1pv3hdO1Fek2/vKRpALhbdRYmFNoyzO1Sg==",
        "dependencies": {
          "Std.UriTemplate": "2.0.8"
        }
      },
      "Microsoft.Kiota.Http.HttpClientLibrary": {
        "type": "Direct",
        "requested": "[1.22.*, )",
        "resolved": "1.22.2",
        "contentHash": "t3rPJbiLKBuvFQoCK/wmgwSjRmvEHomNjbXwV3suVpkszHPegj6MSmRorgUuvh8u+Gf7kvB8bNaBpLGc84Ps2w==",
        "dependencies": {
          "Microsoft.Extensions.DependencyInjection.Abstractions": "6.0.0",
          "Microsoft.Kiota.Abstractions": "1.22.2"
        }
      },
      "Microsoft.Kiota.Serialization.Form": {
        "type": "Direct",
        "requested": "[1.22.*, )",
        "resolved": "1.22.2",
        "contentHash": "oenk5iemusMXQ3XvmlBXN6ycwZghH0EFCz2ZWeuSFzm1F7aNvl3EHJdQbiYTHievXoPnWXzW/diSQdKpvWZLwg==",
        "dependencies": {
          "Microsoft.IO.RecyclableMemoryStream": "3.0.1",
          "Microsoft.Kiota.Abstractions": "1.22.2"
        }
      },
      "Microsoft.Kiota.Serialization.Json": {
        "type": "Direct",
        "requested": "[1.22.*, )",
        "resolved": "1.22.2",
        "contentHash": "7MSOb/6cdAQpSie22BZSPxL0u5hkEVJL4oKn30jioX7rJtoWZgMd8LDVQP4w/JGpSYEWrNSs8o1g1Q1NHSStDg==",
        "dependencies": {
          "Microsoft.IO.RecyclableMemoryStream": "3.0.1",
          "Microsoft.Kiota.Abstractions": "1.22.2"
        }
      },
      "Microsoft.Kiota.Serialization.Multipart": {
        "type": "Direct",
        "requested": "[1.22.*, )",
        "resolved": "1.22.2",
        "contentHash": "9tieLdQLSyk6ZhG1KIYfoSLWKyNkam9/sDqvI1XZcl962g/KzX6CCPh6H44Ub/D5KS6wDzz4YoWxjO9UXJ24cw==",
        "dependencies": {
          "Microsoft.IO.RecyclableMemoryStream": "3.0.1",
          "Microsoft.Kiota.Abstractions": "1.22.2"
        }
      },
      "Microsoft.Kiota.Serialization.Text": {
        "type": "Direct",
        "requested": "[1.22.*, )",
        "resolved": "1.22.2",
        "contentHash": "FIC94KqhgTb13FZ3jYvdaMT625oQ8TrXWZ157zDo9jnJ2SKELSBCs7qC2ZfEOJVApx4JruHfJ/r1dnqb4wj+8g==",
        "dependencies": {
          "Microsoft.IO.RecyclableMemoryStream": "3.0.1",
          "Microsoft.Kiota.Abstractions": "1.22.2"
        }
      },
      "Newtonsoft.Json": {
        "type": "Direct",
        "requested": "[13.0.3, )",
        "resolved": "13.0.3",
        "contentHash": "HrC5BXdl00IP9zeV+0Z848QWPAoCr9P3bDEZguI+gkLcBKAOxix/tLEAAHC+UvDNPv4a2d18lOReHMOagPa+zQ=="
      },
      "Polly": {
        "type": "Direct",
        "requested": "[8.5.2, )",
        "resolved": "8.5.2",
        "contentHash": "vbXsGgkG86nG+TOwY+SmtrGrRHmHH0DQaxtILx//d3Dz/ocJ8izSNYzdvU2gEtWa/LDD8zJLvD3HdjEkdlvkhg==",
        "dependencies": {
          "Polly.Core": "8.5.2"
        }
      },
      "System.ComponentModel.Annotations": {
        "type": "Direct",
        "requested": "[5.0.0, )",
        "resolved": "5.0.0",
        "contentHash": "dMkqfy2el8A8/I76n2Hi1oBFEbG1SfxD2l5nhwXV3XjlnOmwxJlQbYpJH4W51odnU9sARCSAgv7S3CyAFMkpYg=="
      },
      "System.IdentityModel.Tokens.Jwt": {
        "type": "Direct",
        "requested": "[8.8.0, )",
        "resolved": "8.8.0",
        "contentHash": "/oIQ5jhVxpzutFOPYIxmvkVMCLLDwpN0CLcXjyxPflVRQGZRYi5x2IqHeJw+xJ2k2HUPmeTaM18La5wDbhJcQA==",
        "dependencies": {
          "Microsoft.IdentityModel.JsonWebTokens": "8.8.0",
          "Microsoft.IdentityModel.Tokens": "8.8.0"
        }
      },
      "Microsoft.Bcl.Memory": {
        "type": "Transitive",
        "resolved": "9.0.0",
        "contentHash": "bTUtGfpGyJnohQzjdXbtc7MqNzkv7CWUSRz54+ucNm0i32rZiIU0VdVPHDBShOl1qhVKRjW8mnEBz3d2vH93tQ=="
      },
      "Microsoft.Extensions.AmbientMetadata.Application": {
        "type": "Transitive",
        "resolved": "9.10.0",
        "contentHash": "ndm/eoOzk61Csn+ojv5z3Kt7YWAdUNR8ruFaf1b69kSbeqDPoV96f1GR1OWTIrCN9bm83V8CSkhvnnG+LrLTvg==",
        "dependencies": {
          "Microsoft.Extensions.Configuration": "8.0.0",
          "Microsoft.Extensions.Hosting.Abstractions": "8.0.1",
          "Microsoft.Extensions.Options.ConfigurationExtensions": "8.0.0"
        }
      },
      "Microsoft.Extensions.Compliance.Abstractions": {
        "type": "Transitive",
        "resolved": "9.10.0",
        "contentHash": "Tgu40iIg2Kr8s+BoOhb8r8kQfcagwm1VnpnMZA9fd/sD8Hlj13cNpyCfLRrYEBP+VmfmaoficQvRNEUqH+F4mw==",
        "dependencies": {
          "Microsoft.Extensions.DependencyInjection.Abstractions": "8.0.2",
          "Microsoft.Extensions.ObjectPool": "8.0.21"
        }
      },
      "Microsoft.Extensions.Configuration.Abstractions": {
        "type": "Transitive",
        "resolved": "9.0.18",
        "contentHash": "jgC5SZeK94t8DXl836ifIM5gScNqknkOwISrY503eWg7AHBrv+fnwty+C9n35H4WvBjs8OY21jPlRRf7ESBK/g==",
        "dependencies": {
          "Microsoft.Extensions.Primitives": "9.0.18"
        }
      },
      "Microsoft.Extensions.DependencyInjection": {
        "type": "Transitive",
        "resolved": "9.0.18",
        "contentHash": "xPoYhpBypsweLpZ29GPp6Kv6g1fZMUwJ800D/xO7ASuNn5zx0BNIP600wXXhbPNeO8kKngFRtoWplRffxBUDgw==",
        "dependencies": {
          "Microsoft.Extensions.DependencyInjection.Abstractions": "9.0.18"
        }
      },
      "Microsoft.Extensions.DependencyInjection.Abstractions": {
        "type": "Transitive",
        "resolved": "9.0.18",
        "contentHash": "eSUdaLUP+pj1J7SpCsUYQP6dNk0w9g0KGu4ovPYBnlfqomW1u+1fF8ZIjMVuHY6Z3p30yL0SxND9JTS6i3NolQ=="
      },
      "Microsoft.Extensions.DependencyInjection.AutoActivation": {
        "type": "Transitive",
        "resolved": "9.10.0",
        "contentHash": "qk5+lY0MUl7Y77TjM6HzfQPOY4CqoTg281OddyDC5iU2hf+cIxhx0VbNuJH77vqB6qyCP1OsuQmCzvlpf9yxBQ==",
        "dependencies": {
          "Microsoft.Extensions.Hosting.Abstractions": "8.0.1"
        }
      },
      "Microsoft.Extensions.Diagnostics": {
        "type": "Transitive",
        "resolved": "9.0.18",
        "contentHash": "9tpK2Dcvambwq5RIdnz5p4gfNafpB1IMgMoIkkqIp5Wn9bHfArZqejoRZPL5Jp2ZKaT2oVBzFnW1dCh2vVu8/w==",
        "dependencies": {
          "Microsoft.Extensions.Configuration": "9.0.18",
          "Microsoft.Extensions.Diagnostics.Abstractions": "9.0.18",
          "Microsoft.Extensions.Options.ConfigurationExtensions": "9.0.18"
        }
      },
      "Microsoft.Extensions.Diagnostics.Abstractions": {
        "type": "Transitive",
        "resolved": "9.0.18",
        "contentHash": "fH5q81JvdxDbkhUBXhqz/f/cUENo8fakXes7BvA52CVLw4XkqUkjgJAcXHzVu3F2Le/FgQ1cPl53uY4AHBJkYg==",
        "dependencies": {
          "Microsoft.Extensions.DependencyInjection.Abstractions": "9.0.18",
          "Microsoft.Extensions.Options": "9.0.18",
          "System.Diagnostics.DiagnosticSource": "9.0.18"
        }
      },
      "Microsoft.Extensions.Diagnostics.ExceptionSummarization": {
        "type": "Transitive",
        "resolved": "9.10.0",
        "contentHash": "SRJgt408OA/+v2o47Kjx8Wf+rbCJMmTsbsnkuzVzeP9xfcn4dIoMJXLCKiRlDNzJ3pXLYrXmkyOSY81BehoVHw==",
        "dependencies": {
          "Microsoft.Extensions.DependencyInjection.Abstractions": "8.0.2"
        }
      },
      "Microsoft.Extensions.FileProviders.Abstractions": {
        "type": "Transitive",
        "resolved": "9.0.18",
        "contentHash": "YqkFlTwnVSMuunsf8IT9b+KySfm6vnMBBM+CKYCfXfjRMQ62uFggVOEu4C2cgR4fXpEO1rZ6utUZC1KoYKgiSg==",
        "dependencies": {
          "Microsoft.Extensions.Primitives": "9.0.18"
        }
      },
      "Microsoft.Extensions.Http.Diagnostics": {
        "type": "Transitive",
        "resolved": "9.10.0",
        "contentHash": "3IJjOPm4CRmv7zzjPV+RCyvS4kWJ9BNr1k/MWgRTQds6LcIhAgwh+ToZ8O4fKMFlme0EGLvTm27ARKqp468pQw==",
        "dependencies": {
          "Microsoft.Extensions.Http": "8.0.1",
          "Microsoft.Extensions.Telemetry": "9.10.0",
          "System.IO.Pipelines": "8.0.0"
        }
      },
      "Microsoft.Extensions.Logging": {
        "type": "Transitive",
        "resolved": "9.0.18",
        "contentHash": "LuOCZhcJ4TeCLE99TRqI1FHReB29G7bAPInrAAG3E85/S+E4mcrmaoeoXLnOUi6DEosx87pauyFNICdiFIFqkA==",
        "dependencies": {
          "Microsoft.Extensions.DependencyInjection": "9.0.18",
          "Microsoft.Extensions.Logging.Abstractions": "9.0.18",
          "Microsoft.Extensions.Options": "9.0.18"
        }
      },
      "Microsoft.Extensions.Logging.Configuration": {
        "type": "Transitive",
        "resolved": "9.0.18",
        "contentHash": "2LYT76f66V6406PzNx8cE+1PCUd6LwT7+Qr70jE/3zwtctJVKaHQgCIs0nm9SZY3Y/8rmh1ks4F3Qn2NlP0wjw==",
        "dependencies": {
          "Microsoft.Extensions.Configuration": "9.0.18",
          "Microsoft.Extensions.Configuration.Abstractions": "9.0.18",
          "Microsoft.Extensions.Configuration.Binder": "9.0.18",
          "Microsoft.Extensions.DependencyInjection.Abstractions": "9.0.18",
          "Microsoft.Extensions.Logging": "9.0.18",
          "Microsoft.Extensions.Logging.Abstractions": "9.0.18",
          "Microsoft.Extensions.Options": "9.0.18",
          "Microsoft.Extensions.Options.ConfigurationExtensions": "9.0.18"
        }
      },
      "Microsoft.Extensions.ObjectPool": {
        "type": "Transitive",
        "resolved": "8.0.21",
        "contentHash": "UBuyxD9CqasYKmwP41Skar2+f2Bk47V3NAPXh3a3Rxsmt2NTB1qynDU8zHkHWEts/07QykmzYAWLHPgHsROe0w=="
      },
      "Microsoft.Extensions.Options": {
        "type": "Transitive",
        "resolved": "9.0.18",
        "contentHash": "HiA/R0jGR10TGuR6coM8KMUdJ5YlP3bhGxqEdGLkxFdBV1EFNdZMAajSEZHwkex4X/iMQwRCQVotqpElcxOImg==",
        "dependencies": {
          "Microsoft.Extensions.DependencyInjection.Abstractions": "9.0.18",
          "Microsoft.Extensions.Primitives": "9.0.18"
        }
      },
      "Microsoft.Extensions.Options.ConfigurationExtensions": {
        "type": "Transitive",
        "resolved": "9.0.18",
        "contentHash": "B07i277HI5CHhpc2WeY3Bv4EdCDE33/u1LcB0whz28Xq8NTlFEvSTW9+/Zq/37CHMMXejp+LxVyM5AC91q5X0g==",
        "dependencies": {
          "Microsoft.Extensions.Configuration.Abstractions": "9.0.18",
          "Microsoft.Extensions.Configuration.Binder": "9.0.18",
          "Microsoft.Extensions.DependencyInjection.Abstractions": "9.0.18",
          "Microsoft.Extensions.Options": "9.0.18",
          "Microsoft.Extensions.Primitives": "9.0.18"
        }
      },
      "Microsoft.Extensions.Primitives": {
        "type": "Transitive",
        "resolved": "9.0.18",
        "contentHash": "hfHudMC5zDlwMrC0HiHOJesSHMvM+CdqjomjcV/YVzFq5dfSpBRvyRLm1n1Bfh41ZpQnyJzqX+YEo95BAmcDAQ=="
      },
      "Microsoft.Extensions.Resilience": {
        "type": "Transitive",
        "resolved": "9.10.0",
        "contentHash": "tNptjYbHq73emZok4HBbpV41Afwoclga5LaKux8RV27lOA2lyQxeJFKNTWYQauJmWxxwXmwG7bgitbnIDh4eXA==",
        "dependencies": {
          "Microsoft.Extensions.Diagnostics": "8.0.1",
          "Microsoft.Extensions.Diagnostics.ExceptionSummarization": "9.10.0",
          "Microsoft.Extensions.Options.ConfigurationExtensions": "8.0.0",
          "Microsoft.Extensions.Telemetry.Abstractions": "9.10.0",
          "Polly.Extensions": "8.4.2",
          "Polly.RateLimiting": "8.4.2"
        }
      },
      "Microsoft.Extensions.Telemetry": {
        "type": "Transitive",
        "resolved": "9.10.0",
        "contentHash": "FGEOTEjMB+1T69PLp5GrG4UOsIjcdNQcoiXpC+KV9NRejl6vSMLhVqQ6g6c+cxLXzx8xc2J90GAMhD1wPHjKHg==",
        "dependencies": {
          "Microsoft.Extensions.AmbientMetadata.Application": "9.10.0",
          "Microsoft.Extensions.DependencyInjection.AutoActivation": "9.10.0",
          "Microsoft.Extensions.Logging.Configuration": "8.0.1",
          "Microsoft.Extensions.ObjectPool": "8.0.21",
          "Microsoft.Extensions.Telemetry.Abstractions": "9.10.0"
        }
      },
      "Microsoft.Extensions.Telemetry.Abstractions": {
        "type": "Transitive",
        "resolved": "9.10.0",
        "contentHash": "hJflG5if8NqElmybxXDf38d4EPopOo9H+Qg6l5LKTsavqE4CFdA5DIPb9+jjAeL22FN+rs6KuuEIuBPS4PNXvw==",
        "dependencies": {
          "Microsoft.Extensions.Compliance.Abstractions": "9.10.0",
          "Microsoft.Extensions.Logging.Abstractions": "8.0.3",
          "Microsoft.Extensions.ObjectPool": "8.0.21",
          "Microsoft.Extensions.Options": "8.0.2"
        }
      },
      "Microsoft.IdentityModel.Abstractions": {
        "type": "Transitive",
        "resolved": "8.8.0",
        "contentHash": "0lKw+f3vkmV9t3PLe6sY3xPrYrHYiMRFxuOse5CMkKPxhQYiabpfJsuk6wX2RrVQ86Dn+t/8poHpH0nbp6sFvA=="
      },
      "Microsoft.IdentityModel.JsonWebTokens": {
        "type": "Transitive",
        "resolved": "8.8.0",
        "contentHash": "lepOkZZTMfJCPSnWITXxV+4Wxb54g+9oIybs9YovlOzZWuR1i2DOpzaDgSe+piDJaGtnSrcUlcB9fZ5Swur7Uw==",
        "dependencies": {
          "Microsoft.IdentityModel.Tokens": "8.8.0"
        }
      },
      "Microsoft.IdentityModel.Logging": {
        "type": "Transitive",
        "resolved": "8.8.0",
        "contentHash": "sUyoxzg/WBZobbFLJK8loT9IILKtS9ePmWu5B11ogQqhSHppE6SRZKw0fhI6Fd16X6ey52cbbWc2rvMBC98EQA==",
        "dependencies": {
          "Microsoft.IdentityModel.Abstractions": "8.8.0"
        }
      },
      "Microsoft.IdentityModel.Tokens": {
        "type": "Transitive",
        "resolved": "8.8.0",
        "contentHash": "09hnbUJh/18gUmu5nCVFMvyzAFC4l1qyc4bwSJaKzUBqHN7aNDwmSx8dE3/MMJImbvnKq9rEtkkgnrS/OUBtjA==",
        "dependencies": {
          "Microsoft.Bcl.Memory": "9.0.0",
          "Microsoft.Extensions.Logging.Abstractions": "8.0.0",
          "Microsoft.IdentityModel.Logging": "8.8.0"
        }
      },
      "Microsoft.IO.RecyclableMemoryStream": {
        "type": "Transitive",
        "resolved": "3.0.1",
        "contentHash": "s/s20YTVY9r9TPfTrN5g8zPF1YhwxyqO6PxUkrYTGI2B+OGPe9AdajWZrLhFqXIvqIW23fnUE4+ztrUWNU1+9g=="
      },
      "Polly.Core": {
        "type": "Transitive",
        "resolved": "8.5.2",
        "contentHash": "1MJKdxv4zwDmiWvYvVN24DsrWUfgQ4F83voH8bhbtLMdPuGy8CfTUzsgQhvyrl1a7hrM6f/ydwLVdVUI0xooUw=="
      },
      "Polly.Extensions": {
        "type": "Transitive",
        "resolved": "8.4.2",
        "contentHash": "GZ9vRVmR0jV2JtZavt+pGUsQ1O1cuRKG7R7VOZI6ZDy9y6RNPvRvXK1tuS4ffUrv8L0FTea59oEuQzgS0R7zSA==",
        "dependencies": {
          "Microsoft.Extensions.Logging.Abstractions": "8.0.0",
          "Microsoft.Extensions.Options": "8.0.0",
          "Polly.Core": "8.4.2"
        }
      },
      "Polly.RateLimiting": {
        "type": "Transitive",
        "resolved": "8.4.2",
        "contentHash": "ehTImQ/eUyO07VYW2WvwSmU9rRH200SKJ/3jku9rOkyWE0A2JxNFmAVms8dSn49QLSjmjFRRSgfNyOgr/2PSmA==",
        "dependencies": {
          "Polly.Core": "8.4.2",
          "System.Threading.RateLimiting": "8.0.0"
        }
      },
      "Std.UriTemplate": {
        "type": "Transitive",
        "resolved": "2.0.8",
        "contentHash": "IAR4gJlLVD4r/FsU/rDb1+9sbB3/tCFVZz5IzlbM2yHoiUisBi5Ek/KXRUF7RcqNARka79EoaOz9INnXvQ/O6w=="
      },
      "System.Diagnostics.DiagnosticSource": {
        "type": "Transitive",
        "resolved": "9.0.18",
        "contentHash": "zXv17I0lirlmcrLyvSYUHYpXDh/pJ54QfKI96/132KEMsgaG2m61UisI9CJrayZq1mRQL1u4T2ri6eVM6auhPg=="
      },
      "System.IO.Pipelines": {
        "type": "Transitive",
        "resolved": "9.0.18",
        "contentHash": "9AcBFLF9KZpCiv+xTN8emSsiF1FEq/DdswZrJgqlf37dKThJSXwCQ1QUfH24+k9X89C80CI0IQCZatdg0yj3Jw=="
      },
      "System.Text.Encodings.Web": {
        "type": "Transitive",
        "resolved": "9.0.18",
        "contentHash": "Uqybp2r2zFvSDKckcr30TbXRrjW16ihRFzdHVC8Jo8DwkRDJfBuPkXS7hqcUwRYE3ItHKeyfcbq/SpExNPuE2Q=="
      },
      "System.Text.Json": {
        "type": "Transitive",
        "resolved": "9.0.18",
        "contentHash": "/xX8vajlGUp1FoGSNUJBJS+E/2TQjmcMoUzHePa+coPdLnFGPcolRHlybSZhKyAKj+sNDSFlLNYYLe8aEOElfA==",
        "dependencies": {
          "System.IO.Pipelines": "9.0.18",
          "System.Text.Encodings.Web": "9.0.18"
        }
      },
      "System.Threading.RateLimiting": {
        "type": "Transitive",
        "resolved": "8.0.0",
        "contentHash": "7mu9v0QDv66ar3DpGSZHg9NuNcxDaaAcnMULuZlaTpP9+hwXhrxNGsF5GmLkSHxFdb5bBc1TzeujsRgTrPWi+Q=="
      }
    }
  }
}